
Microsoft Visual Studio Solution File, Format Version 12.00
Project("{FAE04EC0-301F-11D3-BF4B-00C04F79EFBC}") = "BT_MoreHealth_Mutator", "BT_MoreHealth_Mutator.csproj", "{8042BE4C-8436-4160-AB8E-1B8960B91D15}"
EndProject
Global
	GlobalSection(SolutionConfigurationPlatforms) = preSolution
		Debug|Any CPU = Debug|Any CPU
		Release|Any CPU = Release|Any CPU
	EndGlobalSection
	GlobalSection(ProjectConfigurationPlatforms) = postSolution
		{8042BE4C-8436-4160-AB8E-1B8960B91D15}.Debug|Any CPU.ActiveCfg = Debug|Any CPU
		{8042BE4C-8436-4160-AB8E-1B8960B91D15}.Debug|Any CPU.Build.0 = Debug|Any CPU
		{8042BE4C-8436-4160-AB8E-1B8960B91D15}.Release|Any CPU.ActiveCfg = Release|Any CPU
		{8042BE4C-8436-4160-AB8E-1B8960B91D15}.Release|Any CPU.Build.0 = Release|Any CPU
	EndGlobalSection
EndGlobal
